
Microsoft Visual Studio Solution File, Format Version 12.00
# Visual Studio for Mac
Project("{FAE04EC0-301F-11D3-BF4B-00C04F79EFBC}") = "illumiball", "Assembly-CSharp.csproj", "{EF161F68-D3E7-3A7C-DA2E-C376DA40D3CE}"
EndProject
Global
	GlobalSection(SolutionConfigurationPlatforms) = preSolution
		Debug|Any CPU = Debug|Any CPU
		Release|Any CPU = Release|Any CPU
	EndGlobalSection
	GlobalSection(ProjectConfigurationPlatforms) = postSolution
		{EF161F68-D3E7-3A7C-DA2E-C376DA40D3CE}.Debug|Any CPU.ActiveCfg = Debug|Any CPU
		{EF161F68-D3E7-3A7C-DA2E-C376DA40D3CE}.Debug|Any CPU.Build.0 = Debug|Any CPU
		{EF161F68-D3E7-3A7C-DA2E-C376DA40D3CE}.Release|Any CPU.ActiveCfg = Release|Any CPU
		{EF161F68-D3E7-3A7C-DA2E-C376DA40D3CE}.Release|Any CPU.Build.0 = Release|Any CPU
	EndGlobalSection
	GlobalSection(SolutionProperties) = preSolution
		HideSolutionNode = FALSE
	EndGlobalSection
EndGlobal
